apiVersion: kubernaut.ai/v1alpha1
kind: RemediationWorkflow
metadata:
  name: relax-pdb-v1
spec:
  # Relax PDB Workflow Schema - Job Backend (BR-WORKFLOW-004)
  # Scenario: #124 -- PDB deadlock -> temporarily relax PDB
  version: "1.0.4"
  description:
    what: "Temporarily relaxes a PodDisruptionBudget by reducing minAvailable to allow voluntary disruptions to proceed"
    whenToUse: "When a PDB is blocking rolling updates or node drains because minAvailable equals the replica count, leaving zero allowed disruptions"
    whenNotToUse: "When pods are genuinely unhealthy and the PDB is correctly protecting against further disruption during an outage"
    preconditions: "All pods matching the PDB selector are healthy, and the blocking is caused by an overly conservative minAvailable setting rather than actual instability"
  
  actionType: RelaxPDB
  
  labels:
    severity: [low, medium, high, critical]
    environment: [production, staging]
    component: "*"
    priority: "*"
  
  detectedLabels:
    pdbProtected: "true"
  
  execution:
    engine: job
    bundle: quay.io/kubernaut-cicd/test-workflows/relax-pdb-job@sha256:dcea059500e57437ad00a65aceff1109955d4bfa313857d713e7206de20423dd
  parameters:
    - name: TARGET_RESOURCE_NAMESPACE
      type: string
      required: true
      description: "Namespace of the PDB"
    - name: TARGET_RESOURCE_NAME
      type: string
      required: true
      description: "Name of the PDB to relax"
    - name: TARGET_RESOURCE_KIND
      type: string
      required: true
      description: "Kind of the Kubernetes resource (e.g., PodDisruptionBudget)"
