apiVersion: kubernaut.ai/v1alpha1
kind: RemediationWorkflow
metadata:
  name: fix-network-policy-v1
spec:
  # Fix NetworkPolicy Workflow Schema - Job Backend (BR-WORKFLOW-004)
  # Scenario: #138 -- Deny-all NetworkPolicy blocks traffic -> remove offending policy
  version: "1.0.1"
  description:
    what: "Removes a deny-all NetworkPolicy that is blocking legitimate ingress traffic and causing health check failures"
    whenToUse: "When a NetworkPolicy is blocking all ingress traffic to a workload, causing liveness/readiness probe failures"
    whenNotToUse: "When the NetworkPolicy is intentionally restrictive for security purposes and the outage has a different root cause"
    preconditions: "A deny-all NetworkPolicy exists in the namespace, and the workload's health checks are failing due to blocked traffic"
  
  actionType: FixNetworkPolicy
  
  labels:
    severity: [critical, high]
    environment: [production, staging, "*"]
    component: "*"
    priority: "*"
  
  detectedLabels:
    networkIsolated: "true"
  
  execution:
    engine: job
    bundle: quay.io/kubernaut-cicd/test-workflows/fix-network-policy-job@sha256:747e88d0200286a20119dcd9406d0354d925d82e2076b139b90e9abc45f1ea4c
  parameters:
    - name: TARGET_NAMESPACE
      type: string
      required: true
      description: "Namespace of the affected workload"
    - name: TARGET_POLICY
      type: string
      required: false
      description: "Name of the offending NetworkPolicy (auto-detected if not provided)"
