apiVersion: kubernaut.ai/v1alpha1
kind: RemediationWorkflow
metadata:
  name: fix-network-policy-v1
spec:
  # Fix NetworkPolicy Workflow Schema - Job Backend (BR-WORKFLOW-004)
  # Scenario: #138 -- Deny-all NetworkPolicy blocks traffic -> remove offending policy
  version: "1.0.6"
  description:
    what: "Removes a deny-all NetworkPolicy that is blocking legitimate ingress traffic and causing health check failures"
    whenToUse: "When a NetworkPolicy is blocking all ingress traffic to a workload, causing liveness/readiness probe failures"
    whenNotToUse: "When the NetworkPolicy is intentionally restrictive for security purposes and the outage has a different root cause"
    preconditions: "A deny-all NetworkPolicy exists in the namespace, and the workload's health checks are failing due to blocked traffic"
  
  actionType: FixNetworkPolicy
  
  labels:
    severity: [critical, high]
    environment: [production, staging, "*"]
    component: "*"
    priority: "*"
  
  detectedLabels:
    networkIsolated: "true"
  
  execution:
    engine: job
    bundle: quay.io/kubernaut-cicd/test-workflows/fix-network-policy-job@sha256:60d58ddaff4a5dc73f057a15f5f8a9b0acd7c522a13db8914166cee80f85fb8c
  parameters:
    - name: TARGET_RESOURCE_NAMESPACE
      type: string
      required: true
      description: "Namespace of the affected workload"
    - name: TARGET_RESOURCE_NAME
      type: string
      required: true
      description: "Name of the affected Deployment whose health checks are failing"
    - name: TARGET_RESOURCE_KIND
      type: string
      required: true
      description: "Kind of the affected Kubernetes resource (e.g., Deployment)"
    - name: POLICY_NAME
      type: string
      required: false
      description: "Name of the offending NetworkPolicy to remove (auto-detected via label if not provided)"
